{
  "name": "ooooonly",
  "version": "1.0.0",
  "lockfileVersion": 2,
  "requires": true,
  "packages": {
    "": {
      "name": "ooooonly",
      "version": "1.0.0",
      "license": "ISC",
      "dependencies": {
        "vue": "^3.0.10"
      },
      "devDependencies": {
        "typescript": "^4.3.5"
      }
    },
    "node_modules/@babel/helper-validator-identifier": {
      "version": "7.14.5",
      "resolved": "https://registry.nlark.com/@babel/helper-validator-identifier/download/@babel/helper-validator-identifier-7.14.5.tgz?cache=0&sync_timestamp=1623280293264&other_urls=https%3A%2F%2Fregistry.nlark.com%2F%40babel%2Fhelper-validator-identifier%2Fdownload%2F%40babel%2Fhelper-validator-identifier-7.14.5.tgz",
      "integrity": "sha1-0PDid8US4Mk4J3+qhaOWjJpEwOg=",
      "engines": {
        "node": ">=6.9.0"
      }
    },
    "node_modules/@babel/parser": {
      "version": "7.14.7",
      "resolved": "https://registry.nlark.com/@babel/parser/download/@babel/parser-7.14.7.tgz",
      "integrity": "sha1-YJlyDIg5yoZaJjfmyFhS6tC9tZU=",
      "bin": {
        "parser": "bin/babel-parser.js"
      },
      "engines": {
        "node": ">=6.0.0"
      }
    },
    "node_modules/@babel/types": {
      "version": "7.14.5",
      "resolved": "https://registry.nlark.com/@babel/types/download/@babel/types-7.14.5.tgz?cache=0&sync_timestamp=1623280355970&other_urls=https%3A%2F%2Fregistry.nlark.com%2F%40babel%2Ftypes%2Fdownload%2F%40babel%2Ftypes-7.14.5.tgz",
      "integrity": "sha1-O7mXuoKaIQTO2yBonEpbgSHTg/8=",
      "dependencies": {
        "@babel/helper-validator-identifier": "^7.14.5",
        "to-fast-properties": "^2.0.0"
      },
      "engines": {
        "node": ">=6.9.0"
      }
    },
    "node_modules/@vue/compiler-core": {
      "version": "3.0.10",
      "resolved": "https://registry.nlark.com/@vue/compiler-core/download/@vue/compiler-core-3.0.10.tgz?cache=0&other_urls=https%3A%2F%2Fregistry.nlark.com%2F%40vue%2Fcompiler-core%2Fdownload%2F%40vue%2Fcompiler-core-3.0.10.tgz",
      "integrity": "sha1-ztkhIMa5ure2xE3+Xj5c8upCJTE=",
      "dependencies": {
        "@babel/parser": "^7.12.0",
        "@babel/types": "^7.12.0",
        "@vue/shared": "3.0.10",
        "estree-walker": "^2.0.1",
        "source-map": "^0.6.1"
      }
    },
    "node_modules/@vue/compiler-dom": {
      "version": "3.0.10",
      "resolved": "https://registry.nlark.com/@vue/compiler-dom/download/@vue/compiler-dom-3.0.10.tgz?cache=0&other_urls=https%3A%2F%2Fregistry.nlark.com%2F%40vue%2Fcompiler-dom%2Fdownload%2F%40vue%2Fcompiler-dom-3.0.10.tgz",
      "integrity": "sha1-WdNZdJjn1LC5LziGqCP5nVsI8f4=",
      "dependencies": {
        "@vue/compiler-core": "3.0.10",
        "@vue/shared": "3.0.10"
      }
    },
    "node_modules/@vue/reactivity": {
      "version": "3.0.10",
      "resolved": "https://registry.nlark.com/@vue/reactivity/download/@vue/reactivity-3.0.10.tgz?cache=0&other_urls=https%3A%2F%2Fregistry.nlark.com%2F%40vue%2Freactivity%2Fdownload%2F%40vue%2Freactivity-3.0.10.tgz",
      "integrity": "sha1-ASgwczKR5ggn87Io1CWtU7g0hM4=",
      "dependencies": {
        "@vue/shared": "3.0.10"
      }
    },
    "node_modules/@vue/runtime-core": {
      "version": "3.0.10",
      "resolved": "https://registry.nlark.com/@vue/runtime-core/download/@vue/runtime-core-3.0.10.tgz?cache=0&other_urls=https%3A%2F%2Fregistry.nlark.com%2F%40vue%2Fruntime-core%2Fdownload%2F%40vue%2Fruntime-core-3.0.10.tgz",
      "integrity": "sha1-y4cwwOyG6lwc+nAfrMCpe/WbFaI=",
      "dependencies": {
        "@vue/reactivity": "3.0.10",
        "@vue/shared": "3.0.10"
      }
    },
    "node_modules/@vue/runtime-dom": {
      "version": "3.0.10",
      "resolved": "https://registry.nlark.com/@vue/runtime-dom/download/@vue/runtime-dom-3.0.10.tgz",
      "integrity": "sha1-gMbuKMrqv3TzE1fSxk0XeUW9il8=",
      "dependencies": {
        "@vue/runtime-core": "3.0.10",
        "@vue/shared": "3.0.10",
        "csstype": "^2.6.8"
      }
    },
    "node_modules/@vue/shared": {
      "version": "3.0.10",
      "resolved": "https://registry.nlark.com/@vue/shared/download/@vue/shared-3.0.10.tgz",
      "integrity": "sha1-VHbVYV0BvzOcZcLoBPWQm7wnhEo="
    },
    "node_modules/csstype": {
      "version": "2.6.17",
      "resolved": "https://registry.nlark.com/csstype/download/csstype-2.6.17.tgz?cache=0&sync_timestamp=1618818466657&other_urls=https%3A%2F%2Fregistry.nlark.com%2Fcsstype%2Fdownload%2Fcsstype-2.6.17.tgz",
      "integrity": "sha1-TPMOuH4dGgBdi2UQ+VKSQT9qHA4="
    },
    "node_modules/estree-walker": {
      "version": "2.0.2",
      "resolved": "https://registry.npm.taobao.org/estree-walker/download/estree-walker-2.0.2.tgz?cache=0&sync_timestamp=1611956983677&other_urls=https%3A%2F%2Fregistry.npm.taobao.org%2Festree-walker%2Fdownload%2Festree-walker-2.0.2.tgz",
      "integrity": "sha1-UvAQF4wqTBF6d1fP6UKtt9LaTKw="
    },
    "node_modules/source-map": {
      "version": "0.6.1",
      "resolved": "https://registry.npm.taobao.org/source-map/download/source-map-0.6.1.tgz",
      "integrity": "sha1-dHIq8y6WFOnCh6jQu95IteLxomM=",
      "engines": {
        "node": ">=0.10.0"
      }
    },
    "node_modules/to-fast-properties": {
      "version": "2.0.0",
      "resolved": "https://registry.npm.taobao.org/to-fast-properties/download/to-fast-properties-2.0.0.tgz",
      "integrity": "sha1-3F5pjL0HkmW8c+A3doGk5Og/YW4=",
      "engines": {
        "node": ">=4"
      }
    },
    "node_modules/typescript": {
      "version": "4.3.5",
      "resolved": "https://registry.nlark.com/typescript/download/typescript-4.3.5.tgz",
      "integrity": "sha1-TRw3zBbok5c8RaBohrcRMjTxGfQ=",
      "dev": true,
      "bin": {
        "tsc": "bin/tsc",
        "tsserver": "bin/tsserver"
      },
      "engines": {
        "node": ">=4.2.0"
      }
    },
    "node_modules/vue": {
      "version": "3.0.10",
      "resolved": "https://registry.nlark.com/vue/download/vue-3.0.10.tgz",
      "integrity": "sha1-tdKAHGrA51bIUK16j5p4y8y60Co=",
      "dependencies": {
        "@vue/compiler-dom": "3.0.10",
        "@vue/runtime-dom": "3.0.10",
        "@vue/shared": "3.0.10"
      }
    }
  },
  "dependencies": {
    "@babel/helper-validator-identifier": {
      "version": "7.14.5",
      "resolved": "https://registry.nlark.com/@babel/helper-validator-identifier/download/@babel/helper-validator-identifier-7.14.5.tgz?cache=0&sync_timestamp=1623280293264&other_urls=https%3A%2F%2Fregistry.nlark.com%2F%40babel%2Fhelper-validator-identifier%2Fdownload%2F%40babel%2Fhelper-validator-identifier-7.14.5.tgz",
      "integrity": "sha1-0PDid8US4Mk4J3+qhaOWjJpEwOg="
    },
    "@babel/parser": {
      "version": "7.14.7",
      "resolved": "https://registry.nlark.com/@babel/parser/download/@babel/parser-7.14.7.tgz",
      "integrity": "sha1-YJlyDIg5yoZaJjfmyFhS6tC9tZU="
    },
    "@babel/types": {
      "version": "7.14.5",
      "resolved": "https://registry.nlark.com/@babel/types/download/@babel/types-7.14.5.tgz?cache=0&sync_timestamp=1623280355970&other_urls=https%3A%2F%2Fregistry.nlark.com%2F%40babel%2Ftypes%2Fdownload%2F%40babel%2Ftypes-7.14.5.tgz",
      "integrity": "sha1-O7mXuoKaIQTO2yBonEpbgSHTg/8=",
      "requires": {
        "@babel/helper-validator-identifier": "^7.14.5",
        "to-fast-properties": "^2.0.0"
      }
    },
    "@vue/compiler-core": {
      "version": "3.0.10",
      "resolved": "https://registry.nlark.com/@vue/compiler-core/download/@vue/compiler-core-3.0.10.tgz?cache=0&other_urls=https%3A%2F%2Fregistry.nlark.com%2F%40vue%2Fcompiler-core%2Fdownload%2F%40vue%2Fcompiler-core-3.0.10.tgz",
      "integrity": "sha1-ztkhIMa5ure2xE3+Xj5c8upCJTE=",
      "requires": {
        "@babel/parser": "^7.12.0",
        "@babel/types": "^7.12.0",
        "@vue/shared": "3.0.10",
        "estree-walker": "^2.0.1",
        "source-map": "^0.6.1"
      }
    },
    "@vue/compiler-dom": {
      "version": "3.0.10",
      "resolved": "https://registry.nlark.com/@vue/compiler-dom/download/@vue/compiler-dom-3.0.10.tgz?cache=0&other_urls=https%3A%2F%2Fregistry.nlark.com%2F%40vue%2Fcompiler-dom%2Fdownload%2F%40vue%2Fcompiler-dom-3.0.10.tgz",
      "integrity": "sha1-WdNZdJjn1LC5LziGqCP5nVsI8f4=",
      "requires": {
        "@vue/compiler-core": "3.0.10",
        "@vue/shared": "3.0.10"
      }
    },
    "@vue/reactivity": {
      "version": "3.0.10",
      "resolved": "https://registry.nlark.com/@vue/reactivity/download/@vue/reactivity-3.0.10.tgz?cache=0&other_urls=https%3A%2F%2Fregistry.nlark.com%2F%40vue%2Freactivity%2Fdownload%2F%40vue%2Freactivity-3.0.10.tgz",
      "integrity": "sha1-ASgwczKR5ggn87Io1CWtU7g0hM4=",
      "requires": {
        "@vue/shared": "3.0.10"
      }
    },
    "@vue/runtime-core": {
      "version": "3.0.10",
      "resolved": "https://registry.nlark.com/@vue/runtime-core/download/@vue/runtime-core-3.0.10.tgz?cache=0&other_urls=https%3A%2F%2Fregistry.nlark.com%2F%40vue%2Fruntime-core%2Fdownload%2F%40vue%2Fruntime-core-3.0.10.tgz",
      "integrity": "sha1-y4cwwOyG6lwc+nAfrMCpe/WbFaI=",
      "requires": {
        "@vue/reactivity": "3.0.10",
        "@vue/shared": "3.0.10"
      }
    },
    "@vue/runtime-dom": {
      "version": "3.0.10",
      "resolved": "https://registry.nlark.com/@vue/runtime-dom/download/@vue/runtime-dom-3.0.10.tgz",
      "integrity": "sha1-gMbuKMrqv3TzE1fSxk0XeUW9il8=",
      "requires": {
        "@vue/runtime-core": "3.0.10",
        "@vue/shared": "3.0.10",
        "csstype": "^2.6.8"
      }
    },
    "@vue/shared": {
      "version": "3.0.10",
      "resolved": "https://registry.nlark.com/@vue/shared/download/@vue/shared-3.0.10.tgz",
      "integrity": "sha1-VHbVYV0BvzOcZcLoBPWQm7wnhEo="
    },
    "csstype": {
      "version": "2.6.17",
      "resolved": "https://registry.nlark.com/csstype/download/csstype-2.6.17.tgz?cache=0&sync_timestamp=1618818466657&other_urls=https%3A%2F%2Fregistry.nlark.com%2Fcsstype%2Fdownload%2Fcsstype-2.6.17.tgz",
      "integrity": "sha1-TPMOuH4dGgBdi2UQ+VKSQT9qHA4="
    },
    "estree-walker": {
      "version": "2.0.2",
      "resolved": "https://registry.npm.taobao.org/estree-walker/download/estree-walker-2.0.2.tgz?cache=0&sync_timestamp=1611956983677&other_urls=https%3A%2F%2Fregistry.npm.taobao.org%2Festree-walker%2Fdownload%2Festree-walker-2.0.2.tgz",
      "integrity": "sha1-UvAQF4wqTBF6d1fP6UKtt9LaTKw="
    },
    "source-map": {
      "version": "0.6.1",
      "resolved": "https://registry.npm.taobao.org/source-map/download/source-map-0.6.1.tgz",
      "integrity": "sha1-dHIq8y6WFOnCh6jQu95IteLxomM="
    },
    "to-fast-properties": {
      "version": "2.0.0",
      "resolved": "https://registry.npm.taobao.org/to-fast-properties/download/to-fast-properties-2.0.0.tgz",
      "integrity": "sha1-3F5pjL0HkmW8c+A3doGk5Og/YW4="
    },
    "typescript": {
      "version": "4.3.5",
      "resolved": "https://registry.nlark.com/typescript/download/typescript-4.3.5.tgz",
      "integrity": "sha1-TRw3zBbok5c8RaBohrcRMjTxGfQ=",
      "dev": true
    },
    "vue": {
      "version": "3.0.10",
      "resolved": "https://registry.nlark.com/vue/download/vue-3.0.10.tgz",
      "integrity": "sha1-tdKAHGrA51bIUK16j5p4y8y60Co=",
      "requires": {
        "@vue/compiler-dom": "3.0.10",
        "@vue/runtime-dom": "3.0.10",
        "@vue/shared": "3.0.10"
      }
    }
  }
}
